
Microsoft Visual Studio Solution File, Format Version 12.00
# Visual Studio Version 16
VisualStudioVersion = 16.0.30309.148
MinimumVisualStudioVersion = 10.0.40219.1
Project("{FAE04EC0-301F-11D3-BF4B-00C04F79EFBC}") = "7_4_Lab_Reality TV Show", "7_4_Lab_Reality TV Show.csproj", "{D97BA97B-1E6A-4FD1-94E0-8B861E5EC0FE}"
EndProject
Global
	GlobalSection(SolutionConfigurationPlatforms) = preSolution
		Debug|Any CPU = Debug|Any CPU
		Release|Any CPU = Release|Any CPU
	EndGlobalSection
	GlobalSection(ProjectConfigurationPlatforms) = postSolution
		{D97BA97B-1E6A-4FD1-94E0-8B861E5EC0FE}.Debug|Any CPU.ActiveCfg = Debug|Any CPU
		{D97BA97B-1E6A-4FD1-94E0-8B861E5EC0FE}.Debug|Any CPU.Build.0 = Debug|Any CPU
		{D97BA97B-1E6A-4FD1-94E0-8B861E5EC0FE}.Release|Any CPU.ActiveCfg = Release|Any CPU
		{D97BA97B-1E6A-4FD1-94E0-8B861E5EC0FE}.Release|Any CPU.Build.0 = Release|Any CPU
	EndGlobalSection
	GlobalSection(SolutionProperties) = preSolution
		HideSolutionNode = FALSE
	EndGlobalSection
	GlobalSection(ExtensibilityGlobals) = postSolution
		SolutionGuid = {AAD864E8-9F9E-41B6-B72A-34E4C3E146F3}
	EndGlobalSection
EndGlobal
